
Microsoft Visual Studio Solution File, Format Version 12.00
# Visual Studio 15
VisualStudioVersion = 15.0.27703.2042
MinimumVisualStudioVersion = 10.0.40219.1
Project("{FAE04EC0-301F-11D3-BF4B-00C04F79EFBC}") = "MRTWebApp", "MRTWebApp\MRTWebApp.csproj", "{575DE742-22DF-4C82-A9AC-B90BB0E011B8}"
EndProject
Global
	GlobalSection(SolutionConfigurationPlatforms) = preSolution
		Debug|Any CPU = Debug|Any CPU
		Release|Any CPU = Release|Any CPU
	EndGlobalSection
	GlobalSection(ProjectConfigurationPlatforms) = postSolution
		{575DE742-22DF-4C82-A9AC-B90BB0E011B8}.Debug|Any CPU.ActiveCfg = Debug|Any CPU
		{575DE742-22DF-4C82-A9AC-B90BB0E011B8}.Debug|Any CPU.Build.0 = Debug|Any CPU
		{575DE742-22DF-4C82-A9AC-B90BB0E011B8}.Release|Any CPU.ActiveCfg = Release|Any CPU
		{575DE742-22DF-4C82-A9AC-B90BB0E011B8}.Release|Any CPU.Build.0 = Release|Any CPU
	EndGlobalSection
	GlobalSection(SolutionProperties) = preSolution
		HideSolutionNode = FALSE
	EndGlobalSection
	GlobalSection(ExtensibilityGlobals) = postSolution
		SolutionGuid = {D004CC6A-447D-471C-BDCC-1CF95F1B1950}
	EndGlobalSection
EndGlobal
